{
  "name": "@mdn/triagebot",
  "version": "0.0.0",
  "lockfileVersion": 3,
  "requires": true,
  "packages": {
    "": {
      "name": "@mdn/triagebot",
      "version": "0.0.0",
      "license": "MIT",
      "dependencies": {
        "@octokit/core": "^7.0.2",
        "@octokit/plugin-paginate-rest": "^15.0.0",
        "@octokit/plugin-rest-endpoint-methods": "^18.0.0",
        "@octokit/plugin-retry": "^8.1.1",
        "@octokit/plugin-throttling": "^11.0.5",
        "@sentry/node": "^10.75.0",
        "dotenv": "^17.4.2"
      },
      "devDependencies": {
        "lefthook": "^2.1.14",
        "prettier": "^3.9.8"
      },
      "engines": {
        "node": ">=24"
      }
    },
    "node_modules/@octokit/auth-token": {
      "version": "6.0.0",
      "resolved": "https://registry.npmjs.org/@octokit/auth-token/-/auth-token-6.0.0.tgz",
      "integrity": "sha512-P4YJBPdPSpWTQ1NU4XYdvHvXJJDxM6YwpS0FZHRgP7YFkdVxsWcpWGy/NVqlAA7PcPCnMacXlRm1y2PFZRWL/w==",
      "license": "MIT",
      "engines": {
        "node": ">= 20"
      }
    },
    "node_modules/@octokit/core": {
      "version": "7.0.2",
      "resolved": "https://registry.npmjs.org/@octokit/core/-/core-7.0.2.tgz",
      "integrity": "sha512-ODsoD39Lq6vR6aBgvjTnA3nZGliknKboc9Gtxr7E4WDNqY24MxANKcuDQSF0jzapvGb3KWOEDrKfve4HoWGK+g==",
      "license": "MIT",
      "dependencies": {
        "@octokit/auth-token": "^6.0.0",
        "@octokit/graphql": "^9.0.1",
        "@octokit/request": "^10.0.2",
        "@octokit/request-error": "^7.0.0",
        "@octokit/types": "^14.0.0",
        "before-after-hook": "^4.0.0",
        "universal-user-agent": "^7.0.0"
      },
      "engines": {
        "node": ">= 20"
      }
    },
    "node_modules/@octokit/endpoint": {
      "version": "11.0.0",
      "resolved": "https://registry.npmjs.org/@octokit/endpoint/-/endpoint-11.0.0.tgz",
      "integrity": "sha512-hoYicJZaqISMAI3JfaDr1qMNi48OctWuOih1m80bkYow/ayPw6Jj52tqWJ6GEoFTk1gBqfanSoI1iY99Z5+ekQ==",
      "license": "MIT",
      "dependencies": {
        "@octokit/types": "^14.0.0",
        "universal-user-agent": "^7.0.2"
      },
      "engines": {
        "node": ">= 20"
      }
    },
    "node_modules/@octokit/graphql": {
      "version": "9.0.1",
      "resolved": "https://registry.npmjs.org/@octokit/graphql/-/graphql-9.0.1.tgz",
      "integrity": "sha512-j1nQNU1ZxNFx2ZtKmL4sMrs4egy5h65OMDmSbVyuCzjOcwsHq6EaYjOTGXPQxgfiN8dJ4CriYHk6zF050WEULg==",
      "license": "MIT",
      "dependencies": {
        "@octokit/request": "^10.0.2",
        "@octokit/types": "^14.0.0",
        "universal-user-agent": "^7.0.0"
      },
      "engines": {
        "node": ">= 20"
      }
    },
    "node_modules/@octokit/openapi-types": {
      "version": "25.1.0",
      "resolved": "https://registry.npmjs.org/@octokit/openapi-types/-/openapi-types-25.1.0.tgz",
      "integrity": "sha512-idsIggNXUKkk0+BExUn1dQ92sfysJrje03Q0bv0e+KPLrvyqZF8MnBpFz8UNfYDwB3Ie7Z0TByjWfzxt7vseaA==",
      "license": "MIT"
    },
    "node_modules/@octokit/plugin-paginate-rest": {
      "version": "15.0.0",
      "resolved": "https://registry.npmjs.org/@octokit/plugin-paginate-rest/-/plugin-paginate-rest-15.0.0.tgz",
      "integrity": "sha512-lw9A9YL5s4VPj+VEx8uMxaxQm2YTgrPDkrLEuZuu18R8TK3oPcXF4K6t52nx6xn1RcogZC9i188sAr/4XYJaQQ==",
      "license": "MIT",
      "dependencies": {
        "@octokit/types": "^17.0.0"
      },
      "engines": {
        "node": ">= 20"
      },
      "peerDependencies": {
        "@octokit/core": ">=6"
      }
    },
    "node_modules/@octokit/plugin-paginate-rest/node_modules/@octokit/openapi-types": {
      "version": "28.0.0",
      "resolved": "https://registry.npmjs.org/@octokit/openapi-types/-/openapi-types-28.0.0.tgz",
      "integrity": "sha512-0rFyLuyHvIj6uuZWuDslxkowFYdPXoNIkeAv4b27dzm2Tf4vGWXnPsMcxs7d65kLdMERgP3wc1AEPlqMz8e1cQ==",
      "license": "MIT"
    },
    "node_modules/@octokit/plugin-paginate-rest/node_modules/@octokit/types": {
      "version": "17.0.0",
      "resolved": "https://registry.npmjs.org/@octokit/types/-/types-17.0.0.tgz",
      "integrity": "sha512-ByP1v7YL5SMveFPP7+sj0/ZuWCOOg/Chs4NafOMpq6WNIM/hdGY0S7C0TCGDBWu1aGmOxmUIhMx3cO+IdwYZ1Q==",
      "license": "MIT",
      "dependencies": {
        "@octokit/openapi-types": "^28.0.0"
      }
    },
    "node_modules/@octokit/plugin-rest-endpoint-methods": {
      "version": "18.0.0",
      "resolved": "https://registry.npmjs.org/@octokit/plugin-rest-endpoint-methods/-/plugin-rest-endpoint-methods-18.0.0.tgz",
      "integrity": "sha512-1wM02pQTHEarWYij0Bb4gu8X8fBy2FJdI4HMTSFDxtYLbOkJErGVx5ywmM6jeS8tOmC0iCiRLrn6YsSIecUeOQ==",
      "license": "MIT",
      "dependencies": {
        "@octokit/types": "^17.0.0"
      },
      "engines": {
        "node": ">= 20"
      },
      "peerDependencies": {
        "@octokit/core": ">=6"
      }
    },
    "node_modules/@octokit/plugin-rest-endpoint-methods/node_modules/@octokit/openapi-types": {
      "version": "28.0.0",
      "resolved": "https://registry.npmjs.org/@octokit/openapi-types/-/openapi-types-28.0.0.tgz",
      "integrity": "sha512-0rFyLuyHvIj6uuZWuDslxkowFYdPXoNIkeAv4b27dzm2Tf4vGWXnPsMcxs7d65kLdMERgP3wc1AEPlqMz8e1cQ==",
      "license": "MIT"
    },
    "node_modules/@octokit/plugin-rest-endpoint-methods/node_modules/@octokit/types": {
      "version": "17.0.0",
      "resolved": "https://registry.npmjs.org/@octokit/types/-/types-17.0.0.tgz",
      "integrity": "sha512-ByP1v7YL5SMveFPP7+sj0/ZuWCOOg/Chs4NafOMpq6WNIM/hdGY0S7C0TCGDBWu1aGmOxmUIhMx3cO+IdwYZ1Q==",
      "license": "MIT",
      "dependencies": {
        "@octokit/openapi-types": "^28.0.0"
      }
    },
    "node_modules/@octokit/plugin-retry": {
      "version": "8.1.1",
      "resolved": "https://registry.npmjs.org/@octokit/plugin-retry/-/plugin-retry-8.1.1.tgz",
      "integrity": "sha512-VCVvZ/R1+u3WuiBWpNavZ0mY4aaJNAsENrpBP9aLSR2QyOpQgd7DhM5j4AW7z4MQpnJYgwBPf0XqPQoNBRdQwg==",
      "license": "MIT",
      "dependencies": {
        "@octokit/request-error": "^7.1.1",
        "@octokit/types": "^17.0.0",
        "bottleneck": "^2.15.3"
      },
      "engines": {
        "node": ">= 20"
      },
      "peerDependencies": {
        "@octokit/core": ">=7"
      }
    },
    "node_modules/@octokit/plugin-retry/node_modules/@octokit/openapi-types": {
      "version": "28.0.0",
      "resolved": "https://registry.npmjs.org/@octokit/openapi-types/-/openapi-types-28.0.0.tgz",
      "integrity": "sha512-0rFyLuyHvIj6uuZWuDslxkowFYdPXoNIkeAv4b27dzm2Tf4vGWXnPsMcxs7d65kLdMERgP3wc1AEPlqMz8e1cQ==",
      "license": "MIT"
    },
    "node_modules/@octokit/plugin-retry/node_modules/@octokit/types": {
      "version": "17.0.0",
      "resolved": "https://registry.npmjs.org/@octokit/types/-/types-17.0.0.tgz",
      "integrity": "sha512-ByP1v7YL5SMveFPP7+sj0/ZuWCOOg/Chs4NafOMpq6WNIM/hdGY0S7C0TCGDBWu1aGmOxmUIhMx3cO+IdwYZ1Q==",
      "license": "MIT",
      "dependencies": {
        "@octokit/openapi-types": "^28.0.0"
      }
    },
    "node_modules/@octokit/plugin-throttling": {
      "version": "11.0.5",
      "resolved": "https://registry.npmjs.org/@octokit/plugin-throttling/-/plugin-throttling-11.0.5.tgz",
      "integrity": "sha512-LIdrkrUv+DWbKeg/49rGuFJ3SU0d3hUS+B4MhNZLepBoNUFXms8Ic9edJjrlx+zycqJHjrMRudVpVb/bAXM2Lw==",
      "license": "MIT",
      "dependencies": {
        "@octokit/types": "^17.0.0",
        "bottleneck": "^2.15.3"
      },
      "engines": {
        "node": ">= 20"
      },
      "peerDependencies": {
        "@octokit/core": "^7.0.0"
      }
    },
    "node_modules/@octokit/plugin-throttling/node_modules/@octokit/openapi-types": {
      "version": "28.0.0",
      "resolved": "https://registry.npmjs.org/@octokit/openapi-types/-/openapi-types-28.0.0.tgz",
      "integrity": "sha512-0rFyLuyHvIj6uuZWuDslxkowFYdPXoNIkeAv4b27dzm2Tf4vGWXnPsMcxs7d65kLdMERgP3wc1AEPlqMz8e1cQ==",
      "license": "MIT"
    },
    "node_modules/@octokit/plugin-throttling/node_modules/@octokit/types": {
      "version": "17.0.0",
      "resolved": "https://registry.npmjs.org/@octokit/types/-/types-17.0.0.tgz",
      "integrity": "sha512-ByP1v7YL5SMveFPP7+sj0/ZuWCOOg/Chs4NafOMpq6WNIM/hdGY0S7C0TCGDBWu1aGmOxmUIhMx3cO+IdwYZ1Q==",
      "license": "MIT",
      "dependencies": {
        "@octokit/openapi-types": "^28.0.0"
      }
    },
    "node_modules/@octokit/request": {
      "version": "10.0.2",
      "resolved": "https://registry.npmjs.org/@octokit/request/-/request-10.0.2.tgz",
      "integrity": "sha512-iYj4SJG/2bbhh+iIpFmG5u49DtJ4lipQ+aPakjL9OKpsGY93wM8w06gvFbEQxcMsZcCvk5th5KkIm2m8o14aWA==",
      "license": "MIT",
      "dependencies": {
        "@octokit/endpoint": "^11.0.0",
        "@octokit/request-error": "^7.0.0",
        "@octokit/types": "^14.0.0",
        "fast-content-type-parse": "^3.0.0",
        "universal-user-agent": "^7.0.2"
      },
      "engines": {
        "node": ">= 20"
      }
    },
    "node_modules/@octokit/request-error": {
      "version": "7.1.1",
      "resolved": "https://registry.npmjs.org/@octokit/request-error/-/request-error-7.1.1.tgz",
      "integrity": "sha512-+eaY7G2VVpSf2pc5Gn1+mph837V/d/TYTJAgWL9Tb0ogGYcpN3IlAVFgjL+Vv93F/sevrxkvsYCedtpLdcFLzA==",
      "license": "MIT",
      "dependencies": {
        "@octokit/types": "^17.0.0"
      },
      "engines": {
        "node": ">= 20"
      }
    },
    "node_modules/@octokit/request-error/node_modules/@octokit/openapi-types": {
      "version": "28.0.0",
      "resolved": "https://registry.npmjs.org/@octokit/openapi-types/-/openapi-types-28.0.0.tgz",
      "integrity": "sha512-0rFyLuyHvIj6uuZWuDslxkowFYdPXoNIkeAv4b27dzm2Tf4vGWXnPsMcxs7d65kLdMERgP3wc1AEPlqMz8e1cQ==",
      "license": "MIT"
    },
    "node_modules/@octokit/request-error/node_modules/@octokit/types": {
      "version": "17.0.0",
      "resolved": "https://registry.npmjs.org/@octokit/types/-/types-17.0.0.tgz",
      "integrity": "sha512-ByP1v7YL5SMveFPP7+sj0/ZuWCOOg/Chs4NafOMpq6WNIM/hdGY0S7C0TCGDBWu1aGmOxmUIhMx3cO+IdwYZ1Q==",
      "license": "MIT",
      "dependencies": {
        "@octokit/openapi-types": "^28.0.0"
      }
    },
    "node_modules/@octokit/types": {
      "version": "14.1.0",
      "resolved": "https://registry.npmjs.org/@octokit/types/-/types-14.1.0.tgz",
      "integrity": "sha512-1y6DgTy8Jomcpu33N+p5w58l6xyt55Ar2I91RPiIA0xCJBXyUAhXCcmZaDWSANiha7R9a6qJJ2CRomGPZ6f46g==",
      "license": "MIT",
      "dependencies": {
        "@octokit/openapi-types": "^25.1.0"
      }
    },
    "node_modules/@opentelemetry/api": {
      "version": "1.9.1",
      "resolved": "https://registry.npmjs.org/@opentelemetry/api/-/api-1.9.1.tgz",
      "integrity": "sha512-gLyJlPHPZYdAk1JENA9LeHejZe1Ti77/pTeFm/nMXmQH/HFZlcS/O2XJB+L8fkbrNSqhdtlvjBVjxwUYanNH5Q==",
      "license": "Apache-2.0",
      "engines": {
        "node": ">=8.0.0"
      }
    },
    "node_modules/@opentelemetry/api-logs": {
      "version": "0.220.0",
      "resolved": "https://registry.npmjs.org/@opentelemetry/api-logs/-/api-logs-0.220.0.tgz",
      "integrity": "sha512-CmVa4ImJ+ynfrPMNaAXHET6Bhb44SwzmfyVJFq9ni2jgXJR/l7C6gfVFddNmHP+ZOkP9cf4f9DBe68qVLTHc9w==",
      "license": "Apache-2.0",
      "dependencies": {
        "@opentelemetry/api": "^1.3.0"
      },
      "engines": {
        "node": ">=8.0.0"
      }
    },
    "node_modules/@opentelemetry/core": {
      "version": "2.11.0",
      "resolved": "https://registry.npmjs.org/@opentelemetry/core/-/core-2.11.0.tgz",
      "integrity": "sha512-7YP44XH0tV6+Mb54x2YGf84i7yi+31MBZlE8JwvozkxyTvXbSp10X7cI7YE49ChJ3shMJoBmCJF3+1QFBJctGA==",
      "license": "Apache-2.0",
      "dependencies": {
        "@opentelemetry/semantic-conventions": "^1.29.0"
      },
      "engines": {
        "node": "^18.19.0 || >=20.6.0"
      },
      "peerDependencies": {
        "@opentelemetry/api": ">=1.0.0 <1.10.0"
      }
    },
    "node_modules/@opentelemetry/instrumentation": {
      "version": "0.220.0",
      "resolved": "https://registry.npmjs.org/@opentelemetry/instrumentation/-/instrumentation-0.220.0.tgz",
      "integrity": "sha512-xQx3E2WxP1mDvKzxLxX+CTCtNLa560YJZ3087qYHerl2YmiKpv7AH+dAy7vmx+eVrZ5BwhfWUAVoKOoxCNHcpw==",
      "license": "Apache-2.0",
      "dependencies": {
        "@opentelemetry/api-logs": "0.220.0",
        "import-in-the-middle": "^3.0.0",
        "require-in-the-middle": "^8.0.0"
      },
      "engines": {
        "node": "^18.19.0 || >=20.6.0"
      },
      "peerDependencies": {
        "@opentelemetry/api": "^1.3.0"
      }
    },
    "node_modules/@opentelemetry/resources": {
      "version": "2.11.0",
      "resolved": "https://registry.npmjs.org/@opentelemetry/resources/-/resources-2.11.0.tgz",
      "integrity": "sha512-Ie7+8q8MDF4FAEQCKVMTx3ReUvxiIAgIiiW3c9JdmP8+HMcDy20puT+AHjexnExgnbvBxjQ9fjkFDWrikJ2jQA==",
      "license": "Apache-2.0",
      "dependencies": {
        "@opentelemetry/core": "2.11.0",
        "@opentelemetry/semantic-conventions": "^1.29.0"
      },
      "engines": {
        "node": "^18.19.0 || >=20.6.0"
      },
      "peerDependencies": {
        "@opentelemetry/api": ">=1.3.0 <1.10.0"
      }
    },
    "node_modules/@opentelemetry/sdk-trace": {
      "version": "2.11.0",
      "resolved": "https://registry.npmjs.org/@opentelemetry/sdk-trace/-/sdk-trace-2.11.0.tgz",
      "integrity": "sha512-fFnTqGm8/G73GQVnxYi7LXa1ZVYEUvgL6XI1LpvV0bPC7WQ/ZGgKxCSl8FnlZBKto9JHHEFTO6s6CUpvvtwFrA==",
      "license": "Apache-2.0",
      "dependencies": {
        "@opentelemetry/core": "2.11.0",
        "@opentelemetry/resources": "2.11.0",
        "@opentelemetry/semantic-conventions": "^1.29.0"
      },
      "engines": {
        "node": "^18.19.0 || >=20.6.0"
      },
      "peerDependencies": {
        "@opentelemetry/api": ">=1.3.0 <1.10.0"
      }
    },
    "node_modules/@opentelemetry/sdk-trace-base": {
      "version": "2.11.0",
      "resolved": "https://registry.npmjs.org/@opentelemetry/sdk-trace-base/-/sdk-trace-base-2.11.0.tgz",
      "integrity": "sha512-H19x/TX/LZdqiYOjM7fqtSxwlplC5pgelavqbQdHbhdq0q/AI/TGkM2dfGuuynTXmJPeF2HoZVoPDu+TGoW78A==",
      "license": "Apache-2.0",
      "dependencies": {
        "@opentelemetry/core": "2.11.0",
        "@opentelemetry/resources": "2.11.0",
        "@opentelemetry/sdk-trace": "2.11.0",
        "@opentelemetry/semantic-conventions": "^1.29.0"
      },
      "engines": {
        "node": "^18.19.0 || >=20.6.0"
      },
      "peerDependencies": {
        "@opentelemetry/api": ">=1.3.0 <1.10.0"
      }
    },
    "node_modules/@opentelemetry/semantic-conventions": {
      "version": "1.43.0",
      "resolved": "https://registry.npmjs.org/@opentelemetry/semantic-conventions/-/semantic-conventions-1.43.0.tgz",
      "integrity": "sha512-eSYWTm620tTk45EKSedaUL8MFYI8hW164hIXsgIHyxu3VobUB3fFCu5t0hQby6OoWRPsG1KkKUG2M5UadiLiVg==",
      "license": "Apache-2.0",
      "engines": {
        "node": ">=14"
      }
    },
    "node_modules/@sentry/conventions": {
      "version": "0.16.0",
      "resolved": "https://registry.npmjs.org/@sentry/conventions/-/conventions-0.16.0.tgz",
      "integrity": "sha512-fO9PLmHdVURcSPUpWCItWAtgKiMwGdJHbovoSEyLplX5sxs2ugvI4CBPTrkkgqhObnZOD0CnWBKDzSVQYBKEyQ==",
      "license": "MIT",
      "engines": {
        "node": ">=14"
      }
    },
    "node_modules/@sentry/core": {
      "version": "10.75.0",
      "resolved": "https://registry.npmjs.org/@sentry/core/-/core-10.75.0.tgz",
      "integrity": "sha512-5wDQpQqjJ6RHdPR+z6Q+47XlwoxRKBv0yyB0LKHqL/1azPOQbR+nllyLmmQDcoJpaksuLSmLA1q6hFX7gjDT2w==",
      "license": "MIT",
      "dependencies": {
        "@sentry/conventions": "^0.16.0"
      },
      "engines": {
        "node": ">=18"
      }
    },
    "node_modules/@sentry/node": {
      "version": "10.75.0",
      "resolved": "https://registry.npmjs.org/@sentry/node/-/node-10.75.0.tgz",
      "integrity": "sha512-XdYW+SEiscQnuugh1hMldfnHurmleKSTSDqgfro6Y1yd7s0r2csnZ5/SEYxIeL4lSl1QXg1lIA1pBmAXjcdnKA==",
      "license": "MIT",
      "dependencies": {
        "@opentelemetry/api": "^1.9.1",
        "@opentelemetry/instrumentation": "^0.220.0",
        "@opentelemetry/sdk-trace-base": "^2.9.0",
        "@sentry/conventions": "^0.16.0",
        "@sentry/core": "10.75.0",
        "@sentry/node-core": "10.75.0",
        "@sentry/opentelemetry": "10.75.0",
        "@sentry/server-utils": "10.75.0",
        "import-in-the-middle": "^3.0.0"
      },
      "engines": {
        "node": ">=18"
      }
    },
    "node_modules/@sentry/node-core": {
      "version": "10.75.0",
      "resolved": "https://registry.npmjs.org/@sentry/node-core/-/node-core-10.75.0.tgz",
      "integrity": "sha512-+E3KSX1oMqhpWQ23hj6NblIVUzLy3T2oceU7DfMX1s1ar+npaQZxR5K0/cMGcQgS1LLm8Jqwqo/lrZlKTCDm5A==",
      "license": "MIT",
      "dependencies": {
        "@sentry/conventions": "^0.16.0",
        "@sentry/core": "10.75.0",
        "@sentry/opentelemetry": "10.75.0",
        "import-in-the-middle": "^3.0.0"
      },
      "engines": {
        "node": ">=18"
      },
      "peerDependencies": {
        "@opentelemetry/api": "^1.9.0",
        "@opentelemetry/core": "^1.30.1 || ^2.1.0",
        "@opentelemetry/exporter-trace-otlp-http": ">=0.57.0 <1",
        "@opentelemetry/instrumentation": ">=0.57.1 <1",
        "@opentelemetry/sdk-trace-base": "^1.30.1 || ^2.1.0"
      },
      "peerDependenciesMeta": {
        "@opentelemetry/api": {
          "optional": true
        },
        "@opentelemetry/core": {
          "optional": true
        },
        "@opentelemetry/exporter-trace-otlp-http": {
          "optional": true
        },
        "@opentelemetry/instrumentation": {
          "optional": true
        },
        "@opentelemetry/sdk-trace-base": {
          "optional": true
        }
      }
    },
    "node_modules/@sentry/opentelemetry": {
      "version": "10.75.0",
      "resolved": "https://registry.npmjs.org/@sentry/opentelemetry/-/opentelemetry-10.75.0.tgz",
      "integrity": "sha512-reJoMtuHMuaiztoDVoaeitc22eHlTAvz2qpFhibWyzukJlF8oXB+o8EvDN9mmDDMedU89c//cXRcnPBlJvUxcw==",
      "license": "MIT",
      "dependencies": {
        "@sentry/conventions": "^0.16.0",
        "@sentry/core": "10.75.0"
      },
      "engines": {
        "node": ">=18"
      },
      "peerDependencies": {
        "@opentelemetry/api": "^1.9.0",
        "@opentelemetry/core": "^1.30.1 || ^2.1.0",
        "@opentelemetry/sdk-trace-base": "^1.30.1 || ^2.1.0"
      }
    },
    "node_modules/@sentry/server-utils": {
      "version": "10.75.0",
      "resolved": "https://registry.npmjs.org/@sentry/server-utils/-/server-utils-10.75.0.tgz",
      "integrity": "sha512-7fIa9vFGNzB13hmxl8Sip3xImSkqpc4wETzuQ7CLzVOwPvwI6y/gVEm0pxRhtJSq8SzfOp26eJWl80u8v78Osg==",
      "license": "MIT",
      "dependencies": {
        "@sentry/conventions": "^0.16.0",
        "@sentry/core": "10.75.0"
      },
      "engines": {
        "node": ">=18"
      }
    },
    "node_modules/before-after-hook": {
      "version": "4.0.0",
      "resolved": "https://registry.npmjs.org/before-after-hook/-/before-after-hook-4.0.0.tgz",
      "integrity": "sha512-q6tR3RPqIB1pMiTRMFcZwuG5T8vwp+vUvEG0vuI6B+Rikh5BfPp2fQ82c925FOs+b0lcFQ8CFrL+KbilfZFhOQ==",
      "license": "Apache-2.0"
    },
    "node_modules/bottleneck": {
      "version": "2.19.5",
      "resolved": "https://registry.npmjs.org/bottleneck/-/bottleneck-2.19.5.tgz",
      "integrity": "sha512-VHiNCbI1lKdl44tGrhNfU3lup0Tj/ZBMJB5/2ZbNXRCPuRCO7ed2mgcK4r17y+KB2EfuYuRaVlwNbAeaWGSpbw==",
      "license": "MIT"
    },
    "node_modules/cjs-module-lexer": {
      "version": "2.2.1",
      "resolved": "https://registry.npmjs.org/cjs-module-lexer/-/cjs-module-lexer-2.2.1.tgz",
      "integrity": "sha512-Ca8swihM+/4yKecYHY52kgJd300hi2lADU/a1RxNTRe+RJ9jvqQlESpbz9DnG9mowez8qwXHB8qYdIUw9e+F5Q==",
      "license": "MIT"
    },
    "node_modules/debug": {
      "version": "4.4.3",
      "resolved": "https://registry.npmjs.org/debug/-/debug-4.4.3.tgz",
      "integrity": "sha512-RGwwWnwQvkVfavKVt22FGLw+xYSdzARwm0ru6DhTVA3umU5hZc28V3kO4stgYryrTlLpuvgI9GiijltAjNbcqA==",
      "license": "MIT",
      "dependencies": {
        "ms": "^2.1.3"
      },
      "engines": {
        "node": ">=6.0"
      },
      "peerDependenciesMeta": {
        "supports-color": {
          "optional": true
        }
      }
    },
    "node_modules/dotenv": {
      "version": "17.4.2",
      "resolved": "https://registry.npmjs.org/dotenv/-/dotenv-17.4.2.tgz",
      "integrity": "sha512-nI4U3TottKAcAD9LLud4Cb7b2QztQMUEfHbvhTH09bqXTxnSie8WnjPALV/WMCrJZ6UV/qHJ6L03OqO3LcdYZw==",
      "license": "BSD-2-Clause",
      "engines": {
        "node": ">=12"
      },
      "funding": {
        "url": "https://dotenvx.com"
      }
    },
    "node_modules/es-module-lexer": {
      "version": "3.0.2",
      "resolved": "https://registry.npmjs.org/es-module-lexer/-/es-module-lexer-3.0.2.tgz",
      "integrity": "sha512-BuIB67FngDSyQ/dpQNOZybwdEBDUGJQvOqwWr4ha/ufYiqzuEwPkKO2zLhRAgay28tStRIHUeWmszZAJo3GCOg==",
      "license": "MIT"
    },
    "node_modules/fast-content-type-parse": {
      "version": "3.0.0",
      "resolved": "https://registry.npmjs.org/fast-content-type-parse/-/fast-content-type-parse-3.0.0.tgz",
      "integrity": "sha512-ZvLdcY8P+N8mGQJahJV5G4U88CSvT1rP8ApL6uETe88MBXrBHAkZlSEySdUlyztF7ccb+Znos3TFqaepHxdhBg==",
      "funding": [
        {
          "type": "github",
          "url": "https://github.com/sponsors/fastify"
        },
        {
          "type": "opencollective",
          "url": "https://opencollective.com/fastify"
        }
      ],
      "license": "MIT"
    },
    "node_modules/import-in-the-middle": {
      "version": "3.5.1",
      "resolved": "https://registry.npmjs.org/import-in-the-middle/-/import-in-the-middle-3.5.1.tgz",
      "integrity": "sha512-mPKuL8bPQzecui2KK6Gb+M8JvJoHnhS1FeYGa22QopBmlevF5F0FE6ued/B5EgHDeIoMTONIpDWWFKUPOG0DBQ==",
      "license": "Apache-2.0",
      "dependencies": {
        "cjs-module-lexer": "^2.2.0",
        "es-module-lexer": "^3.0.2",
        "module-details-from-path": "^1.0.4"
      },
      "engines": {
        "node": ">=18"
      }
    },
    "node_modules/lefthook": {
      "version": "2.1.14",
      "resolved": "https://registry.npmjs.org/lefthook/-/lefthook-2.1.14.tgz",
      "integrity": "sha512-Y9TL1dmpRlIdSp73SJ6bb+xAZ4s2SinGTK3pgC9PRWMSjMr2iOfowPGnlSOfAo5fu6S5rdiItsQDxeLEWCGk4g==",
      "dev": true,
      "hasInstallScript": true,
      "license": "MIT",
      "bin": {
        "lefthook": "bin/index.js"
      },
      "optionalDependencies": {
        "lefthook-darwin-arm64": "2.1.14",
        "lefthook-darwin-x64": "2.1.14",
        "lefthook-freebsd-arm64": "2.1.14",
        "lefthook-freebsd-x64": "2.1.14",
        "lefthook-linux-arm64": "2.1.14",
        "lefthook-linux-x64": "2.1.14",
        "lefthook-openbsd-arm64": "2.1.14",
        "lefthook-openbsd-x64": "2.1.14",
        "lefthook-windows-arm64": "2.1.14",
        "lefthook-windows-x64": "2.1.14"
      }
    },
    "node_modules/lefthook-darwin-arm64": {
      "version": "2.1.14",
      "resolved": "https://registry.npmjs.org/lefthook-darwin-arm64/-/lefthook-darwin-arm64-2.1.14.tgz",
      "integrity": "sha512-VMUAqY81+8ph7Mc0iROd3JWqj2sOuK7SYDyd8ZgzYVKChCt+Nnz8ehd4gUwprJy7QI28IFSUh1M3wnIRiYh+fA==",
      "cpu": [
        "arm64"
      ],
      "dev": true,
      "license": "MIT",
      "optional": true,
      "os": [
        "darwin"
      ]
    },
    "node_modules/lefthook-darwin-x64": {
      "version": "2.1.14",
      "resolved": "https://registry.npmjs.org/lefthook-darwin-x64/-/lefthook-darwin-x64-2.1.14.tgz",
      "integrity": "sha512-uSmjcPRU+yB+D6vk+u6WJDnyHlB+XIv1QZw97N2+qNGG2bNSLH/7MuJ6puCdJv+lVPBEO5wBjE3JIbaEzPOQCw==",
      "cpu": [
        "x64"
      ],
      "dev": true,
      "license": "MIT",
      "optional": true,
      "os": [
        "darwin"
      ]
    },
    "node_modules/lefthook-freebsd-arm64": {
      "version": "2.1.14",
      "resolved": "https://registry.npmjs.org/lefthook-freebsd-arm64/-/lefthook-freebsd-arm64-2.1.14.tgz",
      "integrity": "sha512-po/pmjbp/7BjE9RFfeDnh+CeNsA0d+utppOYKB425I7mgI1GcmT8GAZ9DDut4DIutNjVqKL/lzrj+F87Gm40Rg==",
      "cpu": [
        "arm64"
      ],
      "dev": true,
      "license": "MIT",
      "optional": true,
      "os": [
        "freebsd"
      ]
    },
    "node_modules/lefthook-freebsd-x64": {
      "version": "2.1.14",
      "resolved": "https://registry.npmjs.org/lefthook-freebsd-x64/-/lefthook-freebsd-x64-2.1.14.tgz",
      "integrity": "sha512-+KiXiFjJf7YdHUYjzhDsklcA5bAFZN+pNcz/NbBftrhVTwzNALNoK+SYEKt+9QJsrzL6tpDWmHHFpeLGp+8t8w==",
      "cpu": [
        "x64"
      ],
      "dev": true,
      "license": "MIT",
      "optional": true,
      "os": [
        "freebsd"
      ]
    },
    "node_modules/lefthook-linux-arm64": {
      "version": "2.1.14",
      "resolved": "https://registry.npmjs.org/lefthook-linux-arm64/-/lefthook-linux-arm64-2.1.14.tgz",
      "integrity": "sha512-bjeJB16ftJaPWGTedssh8ZrqRy1ACfQuTV7a0O3NU1FoIsJtfHOm0o0mV4cPf4q+ZCVCwq1Xf2I11qUpuJFV4Q==",
      "cpu": [
        "arm64"
      ],
      "dev": true,
      "license": "MIT",
      "optional": true,
      "os": [
        "linux"
      ]
    },
    "node_modules/lefthook-linux-x64": {
      "version": "2.1.14",
      "resolved": "https://registry.npmjs.org/lefthook-linux-x64/-/lefthook-linux-x64-2.1.14.tgz",
      "integrity": "sha512-gYExzjU2w3uKrP1MklbHENS1cXUdCQRIiEJkykI7q4RjhIHi+mQEUAZLxZw93a6jE2pNWaO0me5tB8EbEt4/GQ==",
      "cpu": [
        "x64"
      ],
      "dev": true,
      "license": "MIT",
      "optional": true,
      "os": [
        "linux"
      ]
    },
    "node_modules/lefthook-openbsd-arm64": {
      "version": "2.1.14",
      "resolved": "https://registry.npmjs.org/lefthook-openbsd-arm64/-/lefthook-openbsd-arm64-2.1.14.tgz",
      "integrity": "sha512-MCW76gTlEMBF3Ds8O63UTxjaSguha/5zT0U3Vr719I1sXueSpttfRmm/5YfIB4MygB116yA/Vi+DsizT/X0kcg==",
      "cpu": [
        "arm64"
      ],
      "dev": true,
      "license": "MIT",
      "optional": true,
      "os": [
        "openbsd"
      ]
    },
    "node_modules/lefthook-openbsd-x64": {
      "version": "2.1.14",
      "resolved": "https://registry.npmjs.org/lefthook-openbsd-x64/-/lefthook-openbsd-x64-2.1.14.tgz",
      "integrity": "sha512-salAc1PAhLI6xrB9pth5UxALQlTOGvZAfaAvgFwixhkdu8D//uW8zS3faFq31ktd1bDAy5wDI8p9yg+fF5+2uA==",
      "cpu": [
        "x64"
      ],
      "dev": true,
      "license": "MIT",
      "optional": true,
      "os": [
        "openbsd"
      ]
    },
    "node_modules/lefthook-windows-arm64": {
      "version": "2.1.14",
      "resolved": "https://registry.npmjs.org/lefthook-windows-arm64/-/lefthook-windows-arm64-2.1.14.tgz",
      "integrity": "sha512-q3JC6lBrYLzkhXEhfnmFxJF47gSd5JeDweH3aNrHoLGX/KkRiOrk9RSyoRwSuGq03EYxSkJhl1FLj2GUxF7VqQ==",
      "cpu": [
        "arm64"
      ],
      "dev": true,
      "license": "MIT",
      "optional": true,
      "os": [
        "win32"
      ]
    },
    "node_modules/lefthook-windows-x64": {
      "version": "2.1.14",
      "resolved": "https://registry.npmjs.org/lefthook-windows-x64/-/lefthook-windows-x64-2.1.14.tgz",
      "integrity": "sha512-WwIxdwW1lDAaJUU3ETcKlCtdqluGr3Cy+LjKvP4QIQnFf0FEXL78THstIkZ6k6qhfUn7/WvyqSIf0cbTAKw2nQ==",
      "cpu": [
        "x64"
      ],
      "dev": true,
      "license": "MIT",
      "optional": true,
      "os": [
        "win32"
      ]
    },
    "node_modules/module-details-from-path": {
      "version": "1.0.4",
      "resolved": "https://registry.npmjs.org/module-details-from-path/-/module-details-from-path-1.0.4.tgz",
      "integrity": "sha512-EGWKgxALGMgzvxYF1UyGTy0HXX/2vHLkw6+NvDKW2jypWbHpjQuj4UMcqQWXHERJhVGKikolT06G3bcKe4fi7w==",
      "license": "MIT"
    },
    "node_modules/ms": {
      "version": "2.1.3",
      "resolved": "https://registry.npmjs.org/ms/-/ms-2.1.3.tgz",
      "integrity": "sha512-6FlzubTLZG3J2a/NVCAleEhjzq5oxgHyaCU9yYXvcLsvoVaHJq/s5xXI6/XXP6tz7R9xAOtHnSO/tXtF3WRTlA==",
      "license": "MIT"
    },
    "node_modules/prettier": {
      "version": "3.9.8",
      "resolved": "https://registry.npmjs.org/prettier/-/prettier-3.9.8.tgz",
      "integrity": "sha512-WRFq3Wn3WId7LLROfMLdH7xaFr2jR62wU8nLO6rQUOLOxNZUviyJQs1M0iIhLexSFy+L+w0ch66wtoO2jRjG0A==",
      "dev": true,
      "license": "MIT",
      "bin": {
        "prettier": "bin/prettier.cjs"
      },
      "engines": {
        "node": ">=14"
      },
      "funding": {
        "url": "https://github.com/prettier/prettier?sponsor=1"
      }
    },
    "node_modules/require-in-the-middle": {
      "version": "8.0.1",
      "resolved": "https://registry.npmjs.org/require-in-the-middle/-/require-in-the-middle-8.0.1.tgz",
      "integrity": "sha512-QT7FVMXfWOYFbeRBF6nu+I6tr2Tf3u0q8RIEjNob/heKY/nh7drD/k7eeMFmSQgnTtCzLDcCu/XEnpW2wk4xCQ==",
      "license": "MIT",
      "dependencies": {
        "debug": "^4.3.5",
        "module-details-from-path": "^1.0.3"
      },
      "engines": {
        "node": ">=9.3.0 || >=8.10.0 <9.0.0"
      }
    },
    "node_modules/universal-user-agent": {
      "version": "7.0.3",
      "resolved": "https://registry.npmjs.org/universal-user-agent/-/universal-user-agent-7.0.3.tgz",
      "integrity": "sha512-TmnEAEAsBJVZM/AADELsK76llnwcf9vMKuPz8JflO1frO8Lchitr0fNaN9d+Ap0BjKtqWqd/J17qeDnXh8CL2A==",
      "license": "ISC"
    }
  }
}
